# THIS IS AN AUTOGENERATED FILE. DO NOT EDIT THIS FILE DIRECTLY.
# yarn lockfile v1


govuk-frontend@^2.1.0:
  version "2.5.1"
  resolved "https://registry.yarnpkg.com/govuk-frontend/-/govuk-frontend-2.5.1.tgz#96082aedfef23bfce6591c3520b06d803be2d7fa"
  integrity sha512-DDi1HGRTNRH/UmqOYACOR01V+aae36pnHHf5/g08spscJO5AazA/BQTenlNm8WFJ4UAeikb1TrCbgGWJE4Vypw==
