# THIS IS AN AUTOGENERATED FILE. DO NOT EDIT THIS FILE DIRECTLY.
# yarn lockfile v1


govuk-frontend@^2.7.0:
  version "2.7.0"
  resolved "https://registry.yarnpkg.com/govuk-frontend/-/govuk-frontend-2.7.0.tgz#6a12baf514426653220dd3cdef55b1e1d97f52a6"
  integrity sha512-IZvho72ExUAOmMOZHbE7s//HdtpSoO1aLn3fcXTnuIUi20UTsz6j+5i1Ztyqr4KUEb8OB/jNMYt4kuYyJnEMRQ==
